
Microsoft Visual Studio Solution File, Format Version 12.00
# Visual Studio 15
VisualStudioVersion = 15.0.28010.2050
MinimumVisualStudioVersion = 10.0.40219.1
Project("{FAE04EC0-301F-11D3-BF4B-00C04F79EFBC}") = "RssReader", "RssReader\RssReader.csproj", "{93D64BC0-AA88-4AE6-AF3E-447568893504}"
EndProject
Global
	GlobalSection(SolutionConfigurationPlatforms) = preSolution
		Debug|Any CPU = Debug|Any CPU
		Release|Any CPU = Release|Any CPU
	EndGlobalSection
	GlobalSection(ProjectConfigurationPlatforms) = postSolution
		{93D64BC0-AA88-4AE6-AF3E-447568893504}.Debug|Any CPU.ActiveCfg = Debug|Any CPU
		{93D64BC0-AA88-4AE6-AF3E-447568893504}.Debug|Any CPU.Build.0 = Debug|Any CPU
		{93D64BC0-AA88-4AE6-AF3E-447568893504}.Release|Any CPU.ActiveCfg = Release|Any CPU
		{93D64BC0-AA88-4AE6-AF3E-447568893504}.Release|Any CPU.Build.0 = Release|Any CPU
	EndGlobalSection
	GlobalSection(SolutionProperties) = preSolution
		HideSolutionNode = FALSE
	EndGlobalSection
	GlobalSection(ExtensibilityGlobals) = postSolution
		SolutionGuid = {03878916-3218-42C7-BC1C-2632C9493FF3}
	EndGlobalSection
EndGlobal
